# This file was autogenerated by Stack.
# You should not edit this file by hand.
# For more information, please see the documentation at:
#   https://docs.haskellstack.org/en/stable/lock_files

packages:
- completed:
    size: 55438
    url: https://github.com/haskell-webgear/webgear-server/archive/837108dd828153cf43adb94eb75818d229c87eb2.zip
    name: webgear-server
    version: 0.2.1
    sha256: a7cf40eaf2aea28f23f1dc05f1828aef764d5636a5169b862281db05447f3e09
    pantry-tree:
      size: 2706
      sha256: aaec45a99c38ca4febadf9a92c178df04a3b85c31b97bfaa1bf6356e82bb59a0
  original:
    url: https://github.com/haskell-webgear/webgear-server/archive/837108dd828153cf43adb94eb75818d229c87eb2.zip
snapshots:
- completed:
    size: 567679
    url: https://raw.githubusercontent.com/commercialhaskell/stackage-snapshots/master/lts/17/15.yaml
    sha256: 72e87841a0ab5b72f6f018e8ee692fd972b7bb32a944990f028e10d6eb528e63
  original: lts-17.15
