# This file was autogenerated by Stack.
# You should not edit this file by hand.
# For more information, please see the documentation at:
#   https://docs.haskellstack.org/en/stable/lock_files

packages:
- completed:
    size: 55180
    url: https://github.com/haskell-webgear/webgear-server/archive/b7525446c36df35803ab96ce2fb37284956adc32.zip
    name: webgear-server
    version: 0.2.1
    sha256: 7d24df45c90cf349f5b5d5c155d934d6370083e5513b8383b6d3ca604c9f5d2a
    pantry-tree:
      size: 2706
      sha256: 8126ec9c457eb48384bef10128dee84a1a45369b79215c4c5fa6e4b55f3772d5
  original:
    url: https://github.com/haskell-webgear/webgear-server/archive/b7525446c36df35803ab96ce2fb37284956adc32.zip
snapshots:
- completed:
    size: 567679
    url: https://raw.githubusercontent.com/commercialhaskell/stackage-snapshots/master/lts/17/15.yaml
    sha256: 72e87841a0ab5b72f6f018e8ee692fd972b7bb32a944990f028e10d6eb528e63
  original: lts-17.15
